// !$*UTF8*$!
{
	archiveVersion = 1;
	classes = {
	};
	objectVersion = 50;
	objects = {

/* Begin PBXBuildFile section */
		EF111F8220ADED910095185A /* MatrixIndex.m in Sources */ = {isa = PBXBuildFile; fileRef = EF111F8120ADED910095185A /* MatrixIndex.m */; };
		EF868E9E20B2169500E8C783 /* LogoClassView.m in Sources */ = {isa = PBXBuildFile; fileRef = EF868E9C20B2169500E8C783 /* LogoClassView.m */; };
		EFA14F5120AB566A00CF0E76 /* AppDelegate.m in Sources */ = {isa = PBXBuildFile; fileRef = EFA14F5020AB566A00CF0E76 /* AppDelegate.m */; };
		EFA14F5920AB566D00CF0E76 /* Assets.xcassets in Resources */ = {isa = PBXBuildFile; fileRef = EFA14F5820AB566D00CF0E76 /* Assets.xcassets */; };
		EFA14F5F20AB566D00CF0E76 /* main.m in Sources */ = {isa = PBXBuildFile; fileRef = EFA14F5E20AB566D00CF0E76 /* main.m */; };
		EFA14F6720AB592E00CF0E76 /* Cell.m in Sources */ = {isa = PBXBuildFile; fileRef = EFA14F6620AB592E00CF0E76 /* Cell.m */; };
		EFA14F6A20AB5AEC00CF0E76 /* StartController.m in Sources */ = {isa = PBXBuildFile; fileRef = EFA14F6920AB5AEC00CF0E76 /* StartController.m */; };
		EFA14F6E20AB724100CF0E76 /* LaunchScreen.storyboard in Resources */ = {isa = PBXBuildFile; fileRef = EFA14F6C20AB724100CF0E76 /* LaunchScreen.storyboard */; };
		EFA14F7320AB72FB00CF0E76 /* GameViewController.m in Sources */ = {isa = PBXBuildFile; fileRef = EFA14F7220AB72FB00CF0E76 /* GameViewController.m */; };
		EFA14F7620AB730400CF0E76 /* ResultsViewController.m in Sources */ = {isa = PBXBuildFile; fileRef = EFA14F7520AB730400CF0E76 /* ResultsViewController.m */; };
		EFD3419720AC28290056AD61 /* LinePipeCell.m in Sources */ = {isa = PBXBuildFile; fileRef = EFD3419620AC28290056AD61 /* LinePipeCell.m */; };
		EFD3419A20AC32FE0056AD61 /* CurvedPipeCell.m in Sources */ = {isa = PBXBuildFile; fileRef = EFD3419920AC32FE0056AD61 /* CurvedPipeCell.m */; };
		EFD3419E20AC5BFC0056AD61 /* Game.m in Sources */ = {isa = PBXBuildFile; fileRef = EFD3419D20AC5BFC0056AD61 /* Game.m */; };
		EFD341A120AC5D400056AD61 /* GameItem.m in Sources */ = {isa = PBXBuildFile; fileRef = EFD341A020AC5D400056AD61 /* GameItem.m */; };
		EFFC34F120AF1FB700ABCADE /* StartPipeCell.m in Sources */ = {isa = PBXBuildFile; fileRef = EFFC34F020AF1FB700ABCADE /* StartPipeCell.m */; };
		EFFC34F420AF240C00ABCADE /* ValveView.m in Sources */ = {isa = PBXBuildFile; fileRef = EFFC34F320AF240C00ABCADE /* ValveView.m */; };
		EFFC34F720AF352A00ABCADE /* EndPipeCell.m in Sources */ = {isa = PBXBuildFile; fileRef = EFFC34F620AF352A00ABCADE /* EndPipeCell.m */; };
/* End PBXBuildFile section */

/* Begin PBXFileReference section */
		4063B51B20B1C38A00BC2F83 /* LogoClassView.m */ = {isa = PBXFileReference; fileEncoding = 4; lastKnownFileType = sourcecode.c.objc; name = LogoClassView.m; path = ../../../../../Desktop/TestDraw/LogoClassView.m; sourceTree = "<group>"; };
		EF111F8020ADED910095185A /* MatrixIndex.h */ = {isa = PBXFileReference; lastKnownFileType = sourcecode.c.h; path = MatrixIndex.h; sourceTree = "<group>"; };
		EF111F8120ADED910095185A /* MatrixIndex.m */ = {isa = PBXFileReference; lastKnownFileType = sourcecode.c.objc; path = MatrixIndex.m; sourceTree = "<group>"; };
		EF868E9C20B2169500E8C783 /* LogoClassView.m */ = {isa = PBXFileReference; fileEncoding = 4; lastKnownFileType = sourcecode.c.objc; path = LogoClassView.m; sourceTree = "<group>"; };
		EF868E9D20B2169500E8C783 /* LogoClassView.h */ = {isa = PBXFileReference; fileEncoding = 4; lastKnownFileType = sourcecode.c.h; path = LogoClassView.h; sourceTree = "<group>"; };
		EFA14F4C20AB566A00CF0E76 /* WaterPipes.app */ = {isa = PBXFileReference; explicitFileType = wrapper.application; includeInIndex = 0; path = WaterPipes.app; sourceTree = BUILT_PRODUCTS_DIR; };
		EFA14F4F20AB566A00CF0E76 /* AppDelegate.h */ = {isa = PBXFileReference; lastKnownFileType = sourcecode.c.h; path = AppDelegate.h; sourceTree = "<group>"; };
		EFA14F5020AB566A00CF0E76 /* AppDelegate.m */ = {isa = PBXFileReference; lastKnownFileType = sourcecode.c.objc; path = AppDelegate.m; sourceTree = "<group>"; };
		EFA14F5820AB566D00CF0E76 /* Assets.xcassets */ = {isa = PBXFileReference; lastKnownFileType = folder.assetcatalog; path = Assets.xcassets; sourceTree = "<group>"; };
		EFA14F5D20AB566D00CF0E76 /* Info.plist */ = {isa = PBXFileReference; lastKnownFileType = text.plist.xml; path = Info.plist; sourceTree = "<group>"; };
		EFA14F5E20AB566D00CF0E76 /* main.m */ = {isa = PBXFileReference; lastKnownFileType = sourcecode.c.objc; path = main.m; sourceTree = "<group>"; };
		EFA14F6520AB592E00CF0E76 /* Cell.h */ = {isa = PBXFileReference; lastKnownFileType = sourcecode.c.h; path = Cell.h; sourceTree = "<group>"; };
		EFA14F6620AB592E00CF0E76 /* Cell.m */ = {isa = PBXFileReference; lastKnownFileType = sourcecode.c.objc; path = Cell.m; sourceTree = "<group>"; };
		EFA14F6820AB5AEC00CF0E76 /* StartController.h */ = {isa = PBXFileReference; lastKnownFileType = sourcecode.c.h; path = StartController.h; sourceTree = "<group>"; };
		EFA14F6920AB5AEC00CF0E76 /* StartController.m */ = {isa = PBXFileReference; lastKnownFileType = sourcecode.c.objc; path = StartController.m; sourceTree = "<group>"; };
		EFA14F6D20AB724100CF0E76 /* Base */ = {isa = PBXFileReference; lastKnownFileType = file.storyboard; name = Base; path = Base.lproj/LaunchScreen.storyboard; sourceTree = "<group>"; };
		EFA14F7120AB72FB00CF0E76 /* GameViewController.h */ = {isa = PBXFileReference; lastKnownFileType = sourcecode.c.h; path = GameViewController.h; sourceTree = "<group>"; };
		EFA14F7220AB72FB00CF0E76 /* GameViewController.m */ = {isa = PBXFileReference; lastKnownFileType = sourcecode.c.objc; path = GameViewController.m; sourceTree = "<group>"; };
		EFA14F7420AB730400CF0E76 /* ResultsViewController.h */ = {isa = PBXFileReference; lastKnownFileType = sourcecode.c.h; path = ResultsViewController.h; sourceTree = "<group>"; };
		EFA14F7520AB730400CF0E76 /* ResultsViewController.m */ = {isa = PBXFileReference; lastKnownFileType = sourcecode.c.objc; path = ResultsViewController.m; sourceTree = "<group>"; };
		EFD3419520AC28290056AD61 /* LinePipeCell.h */ = {isa = PBXFileReference; lastKnownFileType = sourcecode.c.h; path = LinePipeCell.h; sourceTree = "<group>"; };
		EFD3419620AC28290056AD61 /* LinePipeCell.m */ = {isa = PBXFileReference; lastKnownFileType = sourcecode.c.objc; path = LinePipeCell.m; sourceTree = "<group>"; };
		EFD3419820AC32FE0056AD61 /* CurvedPipeCell.h */ = {isa = PBXFileReference; lastKnownFileType = sourcecode.c.h; path = CurvedPipeCell.h; sourceTree = "<group>"; };
		EFD3419920AC32FE0056AD61 /* CurvedPipeCell.m */ = {isa = PBXFileReference; lastKnownFileType = sourcecode.c.objc; path = CurvedPipeCell.m; sourceTree = "<group>"; };
		EFD3419C20AC5BFC0056AD61 /* Game.h */ = {isa = PBXFileReference; lastKnownFileType = sourcecode.c.h; path = Game.h; sourceTree = "<group>"; };
		EFD3419D20AC5BFC0056AD61 /* Game.m */ = {isa = PBXFileReference; lastKnownFileType = sourcecode.c.objc; path = Game.m; sourceTree = "<group>"; };
		EFD3419F20AC5D400056AD61 /* GameItem.h */ = {isa = PBXFileReference; lastKnownFileType = sourcecode.c.h; path = GameItem.h; sourceTree = "<group>"; };
		EFD341A020AC5D400056AD61 /* GameItem.m */ = {isa = PBXFileReference; lastKnownFileType = sourcecode.c.objc; path = GameItem.m; sourceTree = "<group>"; };
		EFFC34EF20AF1FB700ABCADE /* StartPipeCell.h */ = {isa = PBXFileReference; lastKnownFileType = sourcecode.c.h; path = StartPipeCell.h; sourceTree = "<group>"; };
		EFFC34F020AF1FB700ABCADE /* StartPipeCell.m */ = {isa = PBXFileReference; lastKnownFileType = sourcecode.c.objc; path = StartPipeCell.m; sourceTree = "<group>"; };
		EFFC34F220AF240C00ABCADE /* ValveView.h */ = {isa = PBXFileReference; lastKnownFileType = sourcecode.c.h; path = ValveView.h; sourceTree = "<group>"; };
		EFFC34F320AF240C00ABCADE /* ValveView.m */ = {isa = PBXFileReference; lastKnownFileType = sourcecode.c.objc; path = ValveView.m; sourceTree = "<group>"; };
		EFFC34F520AF352A00ABCADE /* EndPipeCell.h */ = {isa = PBXFileReference; lastKnownFileType = sourcecode.c.h; path = EndPipeCell.h; sourceTree = "<group>"; };
		EFFC34F620AF352A00ABCADE /* EndPipeCell.m */ = {isa = PBXFileReference; lastKnownFileType = sourcecode.c.objc; path = EndPipeCell.m; sourceTree = "<group>"; };
/* End PBXFileReference section */

/* Begin PBXFrameworksBuildPhase section */
		EFA14F4920AB566900CF0E76 /* Frameworks */ = {
			isa = PBXFrameworksBuildPhase;
			buildActionMask = 2147483647;
			files = (
			);
			runOnlyForDeploymentPostprocessing = 0;
		};
/* End PBXFrameworksBuildPhase section */

/* Begin PBXGroup section */
		EF868E9B20B2157200E8C783 /* Recovered References */ = {
			isa = PBXGroup;
			children = (
				4063B51B20B1C38A00BC2F83 /* LogoClassView.m */,
			);
			name = "Recovered References";
			sourceTree = "<group>";
		};
		EFA14F4320AB566900CF0E76 = {
			isa = PBXGroup;
			children = (
				EFA14F4E20AB566A00CF0E76 /* WaterPipes */,
				EFA14F4D20AB566A00CF0E76 /* Products */,
				EF868E9B20B2157200E8C783 /* Recovered References */,
			);
			sourceTree = "<group>";
		};
		EFA14F4D20AB566A00CF0E76 /* Products */ = {
			isa = PBXGroup;
			children = (
				EFA14F4C20AB566A00CF0E76 /* WaterPipes.app */,
			);
			name = Products;
			sourceTree = "<group>";
		};
		EFA14F4E20AB566A00CF0E76 /* WaterPipes */ = {
			isa = PBXGroup;
			children = (
				EFA14F6F20AB726500CF0E76 /* Support Files */,
				EFA14F6B20AB5BE200CF0E76 /* Controllers */,
				EFA14F7020AB727F00CF0E76 /* Views */,
				EFD3419B20AC5B660056AD61 /* Model */,
				EFA14F4F20AB566A00CF0E76 /* AppDelegate.h */,
				EFA14F5020AB566A00CF0E76 /* AppDelegate.m */,
				EFA14F5D20AB566D00CF0E76 /* Info.plist */,
			);
			path = WaterPipes;
			sourceTree = "<group>";
		};
		EFA14F6B20AB5BE200CF0E76 /* Controllers */ = {
			isa = PBXGroup;
			children = (
				EFA14F6820AB5AEC00CF0E76 /* StartController.h */,
				EFA14F6920AB5AEC00CF0E76 /* StartController.m */,
				EFA14F7120AB72FB00CF0E76 /* GameViewController.h */,
				EFA14F7220AB72FB00CF0E76 /* GameViewController.m */,
				EFA14F7420AB730400CF0E76 /* ResultsViewController.h */,
				EFA14F7520AB730400CF0E76 /* ResultsViewController.m */,
			);
			path = Controllers;
			sourceTree = "<group>";
		};
		EFA14F6F20AB726500CF0E76 /* Support Files */ = {
			isa = PBXGroup;
			children = (
				EFA14F5820AB566D00CF0E76 /* Assets.xcassets */,
				EFA14F6C20AB724100CF0E76 /* LaunchScreen.storyboard */,
				EFA14F5E20AB566D00CF0E76 /* main.m */,
			);
			path = "Support Files";
			sourceTree = "<group>";
		};
		EFA14F7020AB727F00CF0E76 /* Views */ = {
			isa = PBXGroup;
			children = (
				EFA14F6520AB592E00CF0E76 /* Cell.h */,
				EFA14F6620AB592E00CF0E76 /* Cell.m */,
				EFD3419520AC28290056AD61 /* LinePipeCell.h */,
				EFD3419620AC28290056AD61 /* LinePipeCell.m */,
				EFD3419820AC32FE0056AD61 /* CurvedPipeCell.h */,
				EFD3419920AC32FE0056AD61 /* CurvedPipeCell.m */,
				EFFC34EF20AF1FB700ABCADE /* StartPipeCell.h */,
				EFFC34F020AF1FB700ABCADE /* StartPipeCell.m */,
				EFFC34F520AF352A00ABCADE /* EndPipeCell.h */,
				EFFC34F620AF352A00ABCADE /* EndPipeCell.m */,
				EFFC34F220AF240C00ABCADE /* ValveView.h */,
				EFFC34F320AF240C00ABCADE /* ValveView.m */,
				EF868E9D20B2169500E8C783 /* LogoClassView.h */,
				EF868E9C20B2169500E8C783 /* LogoClassView.m */,
			);
			path = Views;
			sourceTree = "<group>";
		};
		EFD3419B20AC5B660056AD61 /* Model */ = {
			isa = PBXGroup;
			children = (
				EFD3419C20AC5BFC0056AD61 /* Game.h */,
				EFD3419D20AC5BFC0056AD61 /* Game.m */,
				EFD3419F20AC5D400056AD61 /* GameItem.h */,
				EFD341A020AC5D400056AD61 /* GameItem.m */,
				EF111F8020ADED910095185A /* MatrixIndex.h */,
				EF111F8120ADED910095185A /* MatrixIndex.m */,
			);
			path = Model;
			sourceTree = "<group>";
		};
/* End PBXGroup section */

/* Begin PBXNativeTarget section */
		EFA14F4B20AB566900CF0E76 /* WaterPipes */ = {
			isa = PBXNativeTarget;
			buildConfigurationList = EFA14F6220AB566D00CF0E76 /* Build configuration list for PBXNativeTarget "WaterPipes" */;
			buildPhases = (
				EFA14F4820AB566900CF0E76 /* Sources */,
				EFA14F4920AB566900CF0E76 /* Frameworks */,
				EFA14F4A20AB566900CF0E76 /* Resources */,
			);
			buildRules = (
			);
			dependencies = (
			);
			name = WaterPipes;
			productName = WaterPipes;
			productReference = EFA14F4C20AB566A00CF0E76 /* WaterPipes.app */;
			productType = "com.apple.product-type.application";
		};
/* End PBXNativeTarget section */

/* Begin PBXProject section */
		EFA14F4420AB566900CF0E76 /* Project object */ = {
			isa = PBXProject;
			attributes = {
				LastUpgradeCheck = 0930;
				ORGANIZATIONNAME = "Victor Semenchuk";
				TargetAttributes = {
					EFA14F4B20AB566900CF0E76 = {
						CreatedOnToolsVersion = 9.3.1;
					};
				};
			};
			buildConfigurationList = EFA14F4720AB566900CF0E76 /* Build configuration list for PBXProject "WaterPipes" */;
			compatibilityVersion = "Xcode 9.3";
			developmentRegion = en;
			hasScannedForEncodings = 0;
			knownRegions = (
				en,
				Base,
			);
			mainGroup = EFA14F4320AB566900CF0E76;
			productRefGroup = EFA14F4D20AB566A00CF0E76 /* Products */;
			projectDirPath = "";
			projectRoot = "";
			targets = (
				EFA14F4B20AB566900CF0E76 /* WaterPipes */,
			);
		};
/* End PBXProject section */

/* Begin PBXResourcesBuildPhase section */
		EFA14F4A20AB566900CF0E76 /* Resources */ = {
			isa = PBXResourcesBuildPhase;
			buildActionMask = 2147483647;
			files = (
				EFA14F5920AB566D00CF0E76 /* Assets.xcassets in Resources */,
				EFA14F6E20AB724100CF0E76 /* LaunchScreen.storyboard in Resources */,
			);
			runOnlyForDeploymentPostprocessing = 0;
		};
/* End PBXResourcesBuildPhase section */

/* Begin PBXSourcesBuildPhase section */
		EFA14F4820AB566900CF0E76 /* Sources */ = {
			isa = PBXSourcesBuildPhase;
			buildActionMask = 2147483647;
			files = (
				EFD3419E20AC5BFC0056AD61 /* Game.m in Sources */,
				EFA14F7320AB72FB00CF0E76 /* GameViewController.m in Sources */,
				EFD3419720AC28290056AD61 /* LinePipeCell.m in Sources */,
				EFD3419A20AC32FE0056AD61 /* CurvedPipeCell.m in Sources */,
				EFFC34F420AF240C00ABCADE /* ValveView.m in Sources */,
				EFA14F6720AB592E00CF0E76 /* Cell.m in Sources */,
				EFA14F6A20AB5AEC00CF0E76 /* StartController.m in Sources */,
				EFD341A120AC5D400056AD61 /* GameItem.m in Sources */,
				EFA14F7620AB730400CF0E76 /* ResultsViewController.m in Sources */,
				EFFC34F720AF352A00ABCADE /* EndPipeCell.m in Sources */,
				EFA14F5F20AB566D00CF0E76 /* main.m in Sources */,
				EF868E9E20B2169500E8C783 /* LogoClassView.m in Sources */,
				EF111F8220ADED910095185A /* MatrixIndex.m in Sources */,
				EFFC34F120AF1FB700ABCADE /* StartPipeCell.m in Sources */,
				EFA14F5120AB566A00CF0E76 /* AppDelegate.m in Sources */,
			);
			runOnlyForDeploymentPostprocessing = 0;
		};
/* End PBXSourcesBuildPhase section */

/* Begin PBXVariantGroup section */
		EFA14F6C20AB724100CF0E76 /* LaunchScreen.storyboard */ = {
			isa = PBXVariantGroup;
			children = (
				EFA14F6D20AB724100CF0E76 /* Base */,
			);
			name = LaunchScreen.storyboard;
			sourceTree = "<group>";
		};
/* End PBXVariantGroup section */

/* Begin XCBuildConfiguration section */
		EFA14F6020AB566D00CF0E76 /* Debug */ = {
			isa = XCBuildConfiguration;
			buildSettings = {
				ALWAYS_SEARCH_USER_PATHS = NO;
				CLANG_ANALYZER_NONNULL = YES;
				CLANG_ANALYZER_NUMBER_OBJECT_CONVERSION = YES_AGGRESSIVE;
				CLANG_CXX_LANGUAGE_STANDARD = "gnu++14";
				CLANG_CXX_LIBRARY = "libc++";
				CLANG_ENABLE_MODULES = YES;
				CLANG_ENABLE_OBJC_ARC = NO;
				CLANG_ENABLE_OBJC_WEAK = YES;
				CLANG_WARN_BLOCK_CAPTURE_AUTORELEASING = YES;
				CLANG_WARN_BOOL_CONVERSION = YES;
				CLANG_WARN_COMMA = YES;
				CLANG_WARN_CONSTANT_CONVERSION = YES;
				CLANG_WARN_DEPRECATED_OBJC_IMPLEMENTATIONS = YES;
				CLANG_WARN_DIRECT_OBJC_ISA_USAGE = YES_ERROR;
				CLANG_WARN_DOCUMENTATION_COMMENTS = YES;
				CLANG_WARN_EMPTY_BODY = YES;
				CLANG_WARN_ENUM_CONVERSION = YES;
				CLANG_WARN_INFINITE_RECURSION = YES;
				CLANG_WARN_INT_CONVERSION = YES;
				CLANG_WARN_NON_LITERAL_NULL_CONVERSION = YES;
				CLANG_WARN_OBJC_IMPLICIT_RETAIN_SELF = YES;
				CLANG_WARN_OBJC_LITERAL_CONVERSION = YES;
				CLANG_WARN_OBJC_ROOT_CLASS = YES_ERROR;
				CLANG_WARN_RANGE_LOOP_ANALYSIS = YES;
				CLANG_WARN_STRICT_PROTOTYPES = YES;
				CLANG_WARN_SUSPICIOUS_MOVE = YES;
				CLANG_WARN_UNGUARDED_AVAILABILITY = YES_AGGRESSIVE;
				CLANG_WARN_UNREACHABLE_CODE = YES;
				CLANG_WARN__DUPLICATE_METHOD_MATCH = YES;
				CODE_SIGN_IDENTITY = "iPhone Developer";
				COPY_PHASE_STRIP = NO;
				DEBUG_INFORMATION_FORMAT = dwarf;
				ENABLE_STRICT_OBJC_MSGSEND = YES;
				ENABLE_TESTABILITY = YES;
				GCC_C_LANGUAGE_STANDARD = gnu11;
				GCC_DYNAMIC_NO_PIC = NO;
				GCC_NO_COMMON_BLOCKS = YES;
				GCC_OPTIMIZATION_LEVEL = 0;
				GCC_PREPROCESSOR_DEFINITIONS = (
					"DEBUG=1",
					"$(inherited)",
				);
				GCC_WARN_64_TO_32_BIT_CONVERSION = YES;
				GCC_WARN_ABOUT_RETURN_TYPE = YES_ERROR;
				GCC_WARN_UNDECLARED_SELECTOR = YES;
				GCC_WARN_UNINITIALIZED_AUTOS = YES_AGGRESSIVE;
				GCC_WARN_UNUSED_FUNCTION = YES;
				GCC_WARN_UNUSED_VARIABLE = YES;
				IPHONEOS_DEPLOYMENT_TARGET = 11.3;
				MTL_ENABLE_DEBUG_INFO = YES;
				ONLY_ACTIVE_ARCH = YES;
				SDKROOT = iphoneos;
			};
			name = Debug;
		};
		EFA14F6120AB566D00CF0E76 /* Release */ = {
			isa = XCBuildConfiguration;
			buildSettings = {
				ALWAYS_SEARCH_USER_PATHS = NO;
				CLANG_ANALYZER_NONNULL = YES;
				CLANG_ANALYZER_NUMBER_OBJECT_CONVERSION = YES_AGGRESSIVE;
				CLANG_CXX_LANGUAGE_STANDARD = "gnu++14";
				CLANG_CXX_LIBRARY = "libc++";
				CLANG_ENABLE_MODULES = YES;
				CLANG_ENABLE_OBJC_ARC = NO;
				CLANG_ENABLE_OBJC_WEAK = YES;
				CLANG_WARN_BLOCK_CAPTURE_AUTORELEASING = YES;
				CLANG_WARN_BOOL_CONVERSION = YES;
				CLANG_WARN_COMMA = YES;
				CLANG_WARN_CONSTANT_CONVERSION = YES;
				CLANG_WARN_DEPRECATED_OBJC_IMPLEMENTATIONS = YES;
				CLANG_WARN_DIRECT_OBJC_ISA_USAGE = YES_ERROR;
				CLANG_WARN_DOCUMENTATION_COMMENTS = YES;
				CLANG_WARN_EMPTY_BODY = YES;
				CLANG_WARN_ENUM_CONVERSION = YES;
				CLANG_WARN_INFINITE_RECURSION = YES;
				CLANG_WARN_INT_CONVERSION = YES;
				CLANG_WARN_NON_LITERAL_NULL_CONVERSION = YES;
				CLANG_WARN_OBJC_IMPLICIT_RETAIN_SELF = YES;
				CLANG_WARN_OBJC_LITERAL_CONVERSION = YES;
				CLANG_WARN_OBJC_ROOT_CLASS = YES_ERROR;
				CLANG_WARN_RANGE_LOOP_ANALYSIS = YES;
				CLANG_WARN_STRICT_PROTOTYPES = YES;
				CLANG_WARN_SUSPICIOUS_MOVE = YES;
				CLANG_WARN_UNGUARDED_AVAILABILITY = YES_AGGRESSIVE;
				CLANG_WARN_UNREACHABLE_CODE = YES;
				CLANG_WARN__DUPLICATE_METHOD_MATCH = YES;
				CODE_SIGN_IDENTITY = "iPhone Developer";
				COPY_PHASE_STRIP = NO;
				DEBUG_INFORMATION_FORMAT = "dwarf-with-dsym";
				ENABLE_NS_ASSERTIONS = NO;
				ENABLE_STRICT_OBJC_MSGSEND = YES;
				GCC_C_LANGUAGE_STANDARD = gnu11;
				GCC_NO_COMMON_BLOCKS = YES;
				GCC_WARN_64_TO_32_BIT_CONVERSION = YES;
				GCC_WARN_ABOUT_RETURN_TYPE = YES_ERROR;
				GCC_WARN_UNDECLARED_SELECTOR = YES;
				GCC_WARN_UNINITIALIZED_AUTOS = YES_AGGRESSIVE;
				GCC_WARN_UNUSED_FUNCTION = YES;
				GCC_WARN_UNUSED_VARIABLE = YES;
				IPHONEOS_DEPLOYMENT_TARGET = 11.3;
				MTL_ENABLE_DEBUG_INFO = NO;
				SDKROOT = iphoneos;
				VALIDATE_PRODUCT = YES;
			};
			name = Release;
		};
		EFA14F6320AB566D00CF0E76 /* Debug */ = {
			isa = XCBuildConfiguration;
			buildSettings = {
				ASSETCATALOG_COMPILER_APPICON_NAME = AppIcon;
				CODE_SIGN_STYLE = Automatic;
				DEVELOPMENT_TEAM = 59V4JV8H35;
				INFOPLIST_FILE = WaterPipes/Info.plist;
				LD_RUNPATH_SEARCH_PATHS = (
					"$(inherited)",
					"@executable_path/Frameworks",
				);
				PRODUCT_BUNDLE_IDENTIFIER = vicmac.leshasmac.WaterPipes;
				PRODUCT_NAME = "$(TARGET_NAME)";
				TARGETED_DEVICE_FAMILY = "1,2";
			};
			name = Debug;
		};
		EFA14F6420AB566D00CF0E76 /* Release */ = {
			isa = XCBuildConfiguration;
			buildSettings = {
				ASSETCATALOG_COMPILER_APPICON_NAME = AppIcon;
				CODE_SIGN_STYLE = Automatic;
				DEVELOPMENT_TEAM = 59V4JV8H35;
				INFOPLIST_FILE = WaterPipes/Info.plist;
				LD_RUNPATH_SEARCH_PATHS = (
					"$(inherited)",
					"@executable_path/Frameworks",
				);
				PRODUCT_BUNDLE_IDENTIFIER = vicmac.leshasmac.WaterPipes;
				PRODUCT_NAME = "$(TARGET_NAME)";
				TARGETED_DEVICE_FAMILY = "1,2";
			};
			name = Release;
		};
/* End XCBuildConfiguration section */

/* Begin XCConfigurationList section */
		EFA14F4720AB566900CF0E76 /* Build configuration list for PBXProject "WaterPipes" */ = {
			isa = XCConfigurationList;
			buildConfigurations = (
				EFA14F6020AB566D00CF0E76 /* Debug */,
				EFA14F6120AB566D00CF0E76 /* Release */,
			);
			defaultConfigurationIsVisible = 0;
			defaultConfigurationName = Release;
		};
		EFA14F6220AB566D00CF0E76 /* Build configuration list for PBXNativeTarget "WaterPipes" */ = {
			isa = XCConfigurationList;
			buildConfigurations = (
				EFA14F6320AB566D00CF0E76 /* Debug */,
				EFA14F6420AB566D00CF0E76 /* Release */,
			);
			defaultConfigurationIsVisible = 0;
			defaultConfigurationName = Release;
		};
/* End XCConfigurationList section */
	};
	rootObject = EFA14F4420AB566900CF0E76 /* Project object */;
}
